{
  "name": "api",
  "lockfileVersion": 2,
  "requires": true,
  "packages": {
    "": {
      "name": "api",
      "dependencies": {
        "core": "file:./core"
      }
    },
    "core": {},
    "node_modules/core": {
      "resolved": "core",
      "link": true
    }
  },
  "dependencies": {
    "core": {
      "version": "file:core"
    }
  }
}
