{
  "name": "workflows",
  "lockfileVersion": 2,
  "requires": true,
  "packages": {
    "": {
      "name": "workflows",
      "dependencies": {
        "core": "file:../../core"
      }
    },
    "../../core": {
      "name": "local-core",
      "dependencies": {
        "faunadb": "4.7.0"
      }
    },
    "node_modules/core": {
      "resolved": "../../core",
      "link": true
    }
  },
  "dependencies": {
    "core": {
      "version": "file:../../core",
      "requires": {
        "faunadb": "4.7.0"
      }
    }
  }
}
